
Microsoft Visual Studio Solution File, Format Version 12.00
# Visual Studio 15
VisualStudioVersion = 15.0.26228.4
MinimumVisualStudioVersion = 10.0.40219.1
Project("{FAE04EC0-301F-11D3-BF4B-00C04F79EFBC}") = "EdgePortal.Infrastructure", "EdgePortal.Infrastructure\EdgePortal.Infrastructure.csproj", "{48CDA7A5-4C7F-4EF0-9152-095BF68253D4}"
EndProject
Project("{FAE04EC0-301F-11D3-BF4B-00C04F79EFBC}") = "EdgePortal.Model", "EdgePortal.Model\EdgePortal.Model.csproj", "{A83D107D-8180-4EF1-86F9-8771BF7D851A}"
EndProject
Project("{FAE04EC0-301F-11D3-BF4B-00C04F79EFBC}") = "EdgePortal.Storage", "EdgePortal.Storage\EdgePortal.Storage.csproj", "{5643AD1F-8AE3-4FF0-AB7D-99C57982F943}"
EndProject
Project("{FAE04EC0-301F-11D3-BF4B-00C04F79EFBC}") = "EdgePortal", "EdgePortal\EdgePortal.csproj", "{293A5612-4027-464A-A74B-58723C6043C1}"
EndProject
Global
	GlobalSection(SolutionConfigurationPlatforms) = preSolution
		Debug|Any CPU = Debug|Any CPU
		Release|Any CPU = Release|Any CPU
	EndGlobalSection
	GlobalSection(ProjectConfigurationPlatforms) = postSolution
		{48CDA7A5-4C7F-4EF0-9152-095BF68253D4}.Debug|Any CPU.ActiveCfg = Debug|Any CPU
		{48CDA7A5-4C7F-4EF0-9152-095BF68253D4}.Debug|Any CPU.Build.0 = Debug|Any CPU
		{48CDA7A5-4C7F-4EF0-9152-095BF68253D4}.Release|Any CPU.ActiveCfg = Release|Any CPU
		{48CDA7A5-4C7F-4EF0-9152-095BF68253D4}.Release|Any CPU.Build.0 = Release|Any CPU
		{A83D107D-8180-4EF1-86F9-8771BF7D851A}.Debug|Any CPU.ActiveCfg = Debug|Any CPU
		{A83D107D-8180-4EF1-86F9-8771BF7D851A}.Debug|Any CPU.Build.0 = Debug|Any CPU
		{A83D107D-8180-4EF1-86F9-8771BF7D851A}.Release|Any CPU.ActiveCfg = Release|Any CPU
		{A83D107D-8180-4EF1-86F9-8771BF7D851A}.Release|Any CPU.Build.0 = Release|Any CPU
		{5643AD1F-8AE3-4FF0-AB7D-99C57982F943}.Debug|Any CPU.ActiveCfg = Debug|Any CPU
		{5643AD1F-8AE3-4FF0-AB7D-99C57982F943}.Debug|Any CPU.Build.0 = Debug|Any CPU
		{5643AD1F-8AE3-4FF0-AB7D-99C57982F943}.Release|Any CPU.ActiveCfg = Release|Any CPU
		{5643AD1F-8AE3-4FF0-AB7D-99C57982F943}.Release|Any CPU.Build.0 = Release|Any CPU
		{293A5612-4027-464A-A74B-58723C6043C1}.Debug|Any CPU.ActiveCfg = Debug|Any CPU
		{293A5612-4027-464A-A74B-58723C6043C1}.Debug|Any CPU.Build.0 = Debug|Any CPU
		{293A5612-4027-464A-A74B-58723C6043C1}.Release|Any CPU.ActiveCfg = Release|Any CPU
		{293A5612-4027-464A-A74B-58723C6043C1}.Release|Any CPU.Build.0 = Release|Any CPU
	EndGlobalSection
	GlobalSection(SolutionProperties) = preSolution
		HideSolutionNode = FALSE
	EndGlobalSection
EndGlobal
